// !$*UTF8*$!
{
	archiveVersion = 1;
	classes = {
	};
	objectVersion = 50;
	objects = {

/* Begin PBXBuildFile section */
		7033166B26811625004A7320 /* MovieDemoApp.swift in Sources */ = {isa = PBXBuildFile; fileRef = 7033166A26811625004A7320 /* MovieDemoApp.swift */; };
		7033166D26811625004A7320 /* ContentView.swift in Sources */ = {isa = PBXBuildFile; fileRef = 7033166C26811625004A7320 /* ContentView.swift */; };
		7033166F26811627004A7320 /* Assets.xcassets in Resources */ = {isa = PBXBuildFile; fileRef = 7033166E26811627004A7320 /* Assets.xcassets */; };
		7033167226811627004A7320 /* Preview Assets.xcassets in Resources */ = {isa = PBXBuildFile; fileRef = 7033167126811627004A7320 /* Preview Assets.xcassets */; };
		7033167D26811627004A7320 /* MovieDemoTests.swift in Sources */ = {isa = PBXBuildFile; fileRef = 7033167C26811627004A7320 /* MovieDemoTests.swift */; };
		7033168826811627004A7320 /* MovieDemoUITests.swift in Sources */ = {isa = PBXBuildFile; fileRef = 7033168726811627004A7320 /* MovieDemoUITests.swift */; };
		703316962681189E004A7320 /* Data.swift in Sources */ = {isa = PBXBuildFile; fileRef = 703316952681189E004A7320 /* Data.swift */; };
		7033169B26812C10004A7320 /* HomeScreen.swift in Sources */ = {isa = PBXBuildFile; fileRef = 7033169A26812C10004A7320 /* HomeScreen.swift */; };
		7033169D26812C3B004A7320 /* ActorDetails.swift in Sources */ = {isa = PBXBuildFile; fileRef = 7033169C26812C3B004A7320 /* ActorDetails.swift */; };
		7033169F268136FE004A7320 /* MovieDetails.swift in Sources */ = {isa = PBXBuildFile; fileRef = 7033169E268136FE004A7320 /* MovieDetails.swift */; };
/* End PBXBuildFile section */

/* Begin PBXContainerItemProxy section */
		7033167926811627004A7320 /* PBXContainerItemProxy */ = {
			isa = PBXContainerItemProxy;
			containerPortal = 7033165F26811625004A7320 /* Project object */;
			proxyType = 1;
			remoteGlobalIDString = 7033166626811625004A7320;
			remoteInfo = MovieDemo;
		};
		7033168426811627004A7320 /* PBXContainerItemProxy */ = {
			isa = PBXContainerItemProxy;
			containerPortal = 7033165F26811625004A7320 /* Project object */;
			proxyType = 1;
			remoteGlobalIDString = 7033166626811625004A7320;
			remoteInfo = MovieDemo;
		};
/* End PBXContainerItemProxy section */

/* Begin PBXFileReference section */
		7033166726811625004A7320 /* MovieDemo.app */ = {isa = PBXFileReference; explicitFileType = wrapper.application; includeInIndex = 0; path = MovieDemo.app; sourceTree = BUILT_PRODUCTS_DIR; };
		7033166A26811625004A7320 /* MovieDemoApp.swift */ = {isa = PBXFileReference; lastKnownFileType = sourcecode.swift; path = MovieDemoApp.swift; sourceTree = "<group>"; };
		7033166C26811625004A7320 /* ContentView.swift */ = {isa = PBXFileReference; lastKnownFileType = sourcecode.swift; path = ContentView.swift; sourceTree = "<group>"; };
		7033166E26811627004A7320 /* Assets.xcassets */ = {isa = PBXFileReference; lastKnownFileType = folder.assetcatalog; path = Assets.xcassets; sourceTree = "<group>"; };
		7033167126811627004A7320 /* Preview Assets.xcassets */ = {isa = PBXFileReference; lastKnownFileType = folder.assetcatalog; path = "Preview Assets.xcassets"; sourceTree = "<group>"; };
		7033167326811627004A7320 /* Info.plist */ = {isa = PBXFileReference; lastKnownFileType = text.plist.xml; path = Info.plist; sourceTree = "<group>"; };
		7033167826811627004A7320 /* MovieDemoTests.xctest */ = {isa = PBXFileReference; explicitFileType = wrapper.cfbundle; includeInIndex = 0; path = MovieDemoTests.xctest; sourceTree = BUILT_PRODUCTS_DIR; };
		7033167C26811627004A7320 /* MovieDemoTests.swift */ = {isa = PBXFileReference; lastKnownFileType = sourcecode.swift; path = MovieDemoTests.swift; sourceTree = "<group>"; };
		7033167E26811627004A7320 /* Info.plist */ = {isa = PBXFileReference; lastKnownFileType = text.plist.xml; path = Info.plist; sourceTree = "<group>"; };
		7033168326811627004A7320 /* MovieDemoUITests.xctest */ = {isa = PBXFileReference; explicitFileType = wrapper.cfbundle; includeInIndex = 0; path = MovieDemoUITests.xctest; sourceTree = BUILT_PRODUCTS_DIR; };
		7033168726811627004A7320 /* MovieDemoUITests.swift */ = {isa = PBXFileReference; lastKnownFileType = sourcecode.swift; path = MovieDemoUITests.swift; sourceTree = "<group>"; };
		7033168926811627004A7320 /* Info.plist */ = {isa = PBXFileReference; lastKnownFileType = text.plist.xml; path = Info.plist; sourceTree = "<group>"; };
		703316952681189E004A7320 /* Data.swift */ = {isa = PBXFileReference; lastKnownFileType = sourcecode.swift; path = Data.swift; sourceTree = "<group>"; };
		7033169A26812C10004A7320 /* HomeScreen.swift */ = {isa = PBXFileReference; lastKnownFileType = sourcecode.swift; path = HomeScreen.swift; sourceTree = "<group>"; };
		7033169C26812C3B004A7320 /* ActorDetails.swift */ = {isa = PBXFileReference; lastKnownFileType = sourcecode.swift; path = ActorDetails.swift; sourceTree = "<group>"; };
		7033169E268136FE004A7320 /* MovieDetails.swift */ = {isa = PBXFileReference; lastKnownFileType = sourcecode.swift; path = MovieDetails.swift; sourceTree = "<group>"; };
/* End PBXFileReference section */

/* Begin PBXFrameworksBuildPhase section */
		7033166426811625004A7320 /* Frameworks */ = {
			isa = PBXFrameworksBuildPhase;
			buildActionMask = 2147483647;
			files = (
			);
			runOnlyForDeploymentPostprocessing = 0;
		};
		7033167526811627004A7320 /* Frameworks */ = {
			isa = PBXFrameworksBuildPhase;
			buildActionMask = 2147483647;
			files = (
			);
			runOnlyForDeploymentPostprocessing = 0;
		};
		7033168026811627004A7320 /* Frameworks */ = {
			isa = PBXFrameworksBuildPhase;
			buildActionMask = 2147483647;
			files = (
			);
			runOnlyForDeploymentPostprocessing = 0;
		};
/* End PBXFrameworksBuildPhase section */

/* Begin PBXGroup section */
		7033165E26811625004A7320 = {
			isa = PBXGroup;
			children = (
				7033166926811625004A7320 /* MovieDemo */,
				7033167B26811627004A7320 /* MovieDemoTests */,
				7033168626811627004A7320 /* MovieDemoUITests */,
				7033166826811625004A7320 /* Products */,
			);
			sourceTree = "<group>";
		};
		7033166826811625004A7320 /* Products */ = {
			isa = PBXGroup;
			children = (
				7033166726811625004A7320 /* MovieDemo.app */,
				7033167826811627004A7320 /* MovieDemoTests.xctest */,
				7033168326811627004A7320 /* MovieDemoUITests.xctest */,
			);
			name = Products;
			sourceTree = "<group>";
		};
		7033166926811625004A7320 /* MovieDemo */ = {
			isa = PBXGroup;
			children = (
				7033169826812BEB004A7320 /* Model */,
				7033169726812BE3004A7320 /* Screens */,
				7033166A26811625004A7320 /* MovieDemoApp.swift */,
				7033166C26811625004A7320 /* ContentView.swift */,
				7033166E26811627004A7320 /* Assets.xcassets */,
				7033167326811627004A7320 /* Info.plist */,
				7033167026811627004A7320 /* Preview Content */,
			);
			path = MovieDemo;
			sourceTree = "<group>";
		};
		7033167026811627004A7320 /* Preview Content */ = {
			isa = PBXGroup;
			children = (
				7033167126811627004A7320 /* Preview Assets.xcassets */,
			);
			path = "Preview Content";
			sourceTree = "<group>";
		};
		7033167B26811627004A7320 /* MovieDemoTests */ = {
			isa = PBXGroup;
			children = (
				7033167C26811627004A7320 /* MovieDemoTests.swift */,
				7033167E26811627004A7320 /* Info.plist */,
			);
			path = MovieDemoTests;
			sourceTree = "<group>";
		};
		7033168626811627004A7320 /* MovieDemoUITests */ = {
			isa = PBXGroup;
			children = (
				7033168726811627004A7320 /* MovieDemoUITests.swift */,
				7033168926811627004A7320 /* Info.plist */,
			);
			path = MovieDemoUITests;
			sourceTree = "<group>";
		};
		7033169726812BE3004A7320 /* Screens */ = {
			isa = PBXGroup;
			children = (
				7033169A26812C10004A7320 /* HomeScreen.swift */,
				7033169C26812C3B004A7320 /* ActorDetails.swift */,
				7033169E268136FE004A7320 /* MovieDetails.swift */,
			);
			path = Screens;
			sourceTree = "<group>";
		};
		7033169826812BEB004A7320 /* Model */ = {
			isa = PBXGroup;
			children = (
				703316952681189E004A7320 /* Data.swift */,
			);
			path = Model;
			sourceTree = "<group>";
		};
/* End PBXGroup section */

/* Begin PBXNativeTarget section */
		7033166626811625004A7320 /* MovieDemo */ = {
			isa = PBXNativeTarget;
			buildConfigurationList = 7033168C26811627004A7320 /* Build configuration list for PBXNativeTarget "MovieDemo" */;
			buildPhases = (
				7033166326811625004A7320 /* Sources */,
				7033166426811625004A7320 /* Frameworks */,
				7033166526811625004A7320 /* Resources */,
			);
			buildRules = (
			);
			dependencies = (
			);
			name = MovieDemo;
			productName = MovieDemo;
			productReference = 7033166726811625004A7320 /* MovieDemo.app */;
			productType = "com.apple.product-type.application";
		};
		7033167726811627004A7320 /* MovieDemoTests */ = {
			isa = PBXNativeTarget;
			buildConfigurationList = 7033168F26811627004A7320 /* Build configuration list for PBXNativeTarget "MovieDemoTests" */;
			buildPhases = (
				7033167426811627004A7320 /* Sources */,
				7033167526811627004A7320 /* Frameworks */,
				7033167626811627004A7320 /* Resources */,
			);
			buildRules = (
			);
			dependencies = (
				7033167A26811627004A7320 /* PBXTargetDependency */,
			);
			name = MovieDemoTests;
			productName = MovieDemoTests;
			productReference = 7033167826811627004A7320 /* MovieDemoTests.xctest */;
			productType = "com.apple.product-type.bundle.unit-test";
		};
		7033168226811627004A7320 /* MovieDemoUITests */ = {
			isa = PBXNativeTarget;
			buildConfigurationList = 7033169226811627004A7320 /* Build configuration list for PBXNativeTarget "MovieDemoUITests" */;
			buildPhases = (
				7033167F26811627004A7320 /* Sources */,
				7033168026811627004A7320 /* Frameworks */,
				7033168126811627004A7320 /* Resources */,
			);
			buildRules = (
			);
			dependencies = (
				7033168526811627004A7320 /* PBXTargetDependency */,
			);
			name = MovieDemoUITests;
			productName = MovieDemoUITests;
			productReference = 7033168326811627004A7320 /* MovieDemoUITests.xctest */;
			productType = "com.apple.product-type.bundle.ui-testing";
		};
/* End PBXNativeTarget section */

/* Begin PBXProject section */
		7033165F26811625004A7320 /* Project object */ = {
			isa = PBXProject;
			attributes = {
				LastSwiftUpdateCheck = 1250;
				LastUpgradeCheck = 1250;
				TargetAttributes = {
					7033166626811625004A7320 = {
						CreatedOnToolsVersion = 12.5;
					};
					7033167726811627004A7320 = {
						CreatedOnToolsVersion = 12.5;
						TestTargetID = 7033166626811625004A7320;
					};
					7033168226811627004A7320 = {
						CreatedOnToolsVersion = 12.5;
						TestTargetID = 7033166626811625004A7320;
					};
				};
			};
			buildConfigurationList = 7033166226811625004A7320 /* Build configuration list for PBXProject "MovieDemo" */;
			compatibilityVersion = "Xcode 9.3";
			developmentRegion = en;
			hasScannedForEncodings = 0;
			knownRegions = (
				en,
				Base,
			);
			mainGroup = 7033165E26811625004A7320;
			productRefGroup = 7033166826811625004A7320 /* Products */;
			projectDirPath = "";
			projectRoot = "";
			targets = (
				7033166626811625004A7320 /* MovieDemo */,
				7033167726811627004A7320 /* MovieDemoTests */,
				7033168226811627004A7320 /* MovieDemoUITests */,
			);
		};
/* End PBXProject section */

/* Begin PBXResourcesBuildPhase section */
		7033166526811625004A7320 /* Resources */ = {
			isa = PBXResourcesBuildPhase;
			buildActionMask = 2147483647;
			files = (
				7033167226811627004A7320 /* Preview Assets.xcassets in Resources */,
				7033166F26811627004A7320 /* Assets.xcassets in Resources */,
			);
			runOnlyForDeploymentPostprocessing = 0;
		};
		7033167626811627004A7320 /* Resources */ = {
			isa = PBXResourcesBuildPhase;
			buildActionMask = 2147483647;
			files = (
			);
			runOnlyForDeploymentPostprocessing = 0;
		};
		7033168126811627004A7320 /* Resources */ = {
			isa = PBXResourcesBuildPhase;
			buildActionMask = 2147483647;
			files = (
			);
			runOnlyForDeploymentPostprocessing = 0;
		};
/* End PBXResourcesBuildPhase section */

/* Begin PBXSourcesBuildPhase section */
		7033166326811625004A7320 /* Sources */ = {
			isa = PBXSourcesBuildPhase;
			buildActionMask = 2147483647;
			files = (
				7033169B26812C10004A7320 /* HomeScreen.swift in Sources */,
				7033166D26811625004A7320 /* ContentView.swift in Sources */,
				7033169D26812C3B004A7320 /* ActorDetails.swift in Sources */,
				7033169F268136FE004A7320 /* MovieDetails.swift in Sources */,
				703316962681189E004A7320 /* Data.swift in Sources */,
				7033166B26811625004A7320 /* MovieDemoApp.swift in Sources */,
			);
			runOnlyForDeploymentPostprocessing = 0;
		};
		7033167426811627004A7320 /* Sources */ = {
			isa = PBXSourcesBuildPhase;
			buildActionMask = 2147483647;
			files = (
				7033167D26811627004A7320 /* MovieDemoTests.swift in Sources */,
			);
			runOnlyForDeploymentPostprocessing = 0;
		};
		7033167F26811627004A7320 /* Sources */ = {
			isa = PBXSourcesBuildPhase;
			buildActionMask = 2147483647;
			files = (
				7033168826811627004A7320 /* MovieDemoUITests.swift in Sources */,
			);
			runOnlyForDeploymentPostprocessing = 0;
		};
/* End PBXSourcesBuildPhase section */

/* Begin PBXTargetDependency section */
		7033167A26811627004A7320 /* PBXTargetDependency */ = {
			isa = PBXTargetDependency;
			target = 7033166626811625004A7320 /* MovieDemo */;
			targetProxy = 7033167926811627004A7320 /* PBXContainerItemProxy */;
		};
		7033168526811627004A7320 /* PBXTargetDependency */ = {
			isa = PBXTargetDependency;
			target = 7033166626811625004A7320 /* MovieDemo */;
			targetProxy = 7033168426811627004A7320 /* PBXContainerItemProxy */;
		};
/* End PBXTargetDependency section */

/* Begin XCBuildConfiguration section */
		7033168A26811627004A7320 /* Debug */ = {
			isa = XCBuildConfiguration;
			buildSettings = {
				ALWAYS_SEARCH_USER_PATHS = NO;
				CLANG_ANALYZER_NONNULL = YES;
				CLANG_ANALYZER_NUMBER_OBJECT_CONVERSION = YES_AGGRESSIVE;
				CLANG_CXX_LANGUAGE_STANDARD = "gnu++14";
				CLANG_CXX_LIBRARY = "libc++";
				CLANG_ENABLE_MODULES = YES;
				CLANG_ENABLE_OBJC_ARC = YES;
				CLANG_ENABLE_OBJC_WEAK = YES;
				CLANG_WARN_BLOCK_CAPTURE_AUTORELEASING = YES;
				CLANG_WARN_BOOL_CONVERSION = YES;
				CLANG_WARN_COMMA = YES;
				CLANG_WARN_CONSTANT_CONVERSION = YES;
				CLANG_WARN_DEPRECATED_OBJC_IMPLEMENTATIONS = YES;
				CLANG_WARN_DIRECT_OBJC_ISA_USAGE = YES_ERROR;
				CLANG_WARN_DOCUMENTATION_COMMENTS = YES;
				CLANG_WARN_EMPTY_BODY = YES;
				CLANG_WARN_ENUM_CONVERSION = YES;
				CLANG_WARN_INFINITE_RECURSION = YES;
				CLANG_WARN_INT_CONVERSION = YES;
				CLANG_WARN_NON_LITERAL_NULL_CONVERSION = YES;
				CLANG_WARN_OBJC_IMPLICIT_RETAIN_SELF = YES;
				CLANG_WARN_OBJC_LITERAL_CONVERSION = YES;
				CLANG_WARN_OBJC_ROOT_CLASS = YES_ERROR;
				CLANG_WARN_QUOTED_INCLUDE_IN_FRAMEWORK_HEADER = YES;
				CLANG_WARN_RANGE_LOOP_ANALYSIS = YES;
				CLANG_WARN_STRICT_PROTOTYPES = YES;
				CLANG_WARN_SUSPICIOUS_MOVE = YES;
				CLANG_WARN_UNGUARDED_AVAILABILITY = YES_AGGRESSIVE;
				CLANG_WARN_UNREACHABLE_CODE = YES;
				CLANG_WARN__DUPLICATE_METHOD_MATCH = YES;
				COPY_PHASE_STRIP = NO;
				DEBUG_INFORMATION_FORMAT = dwarf;
				ENABLE_STRICT_OBJC_MSGSEND = YES;
				ENABLE_TESTABILITY = YES;
				GCC_C_LANGUAGE_STANDARD = gnu11;
				GCC_DYNAMIC_NO_PIC = NO;
				GCC_NO_COMMON_BLOCKS = YES;
				GCC_OPTIMIZATION_LEVEL = 0;
				GCC_PREPROCESSOR_DEFINITIONS = (
					"DEBUG=1",
					"$(inherited)",
				);
				GCC_WARN_64_TO_32_BIT_CONVERSION = YES;
				GCC_WARN_ABOUT_RETURN_TYPE = YES_ERROR;
				GCC_WARN_UNDECLARED_SELECTOR = YES;
				GCC_WARN_UNINITIALIZED_AUTOS = YES_AGGRESSIVE;
				GCC_WARN_UNUSED_FUNCTION = YES;
				GCC_WARN_UNUSED_VARIABLE = YES;
				IPHONEOS_DEPLOYMENT_TARGET = 14.5;
				MTL_ENABLE_DEBUG_INFO = INCLUDE_SOURCE;
				MTL_FAST_MATH = YES;
				ONLY_ACTIVE_ARCH = YES;
				SDKROOT = iphoneos;
				SWIFT_ACTIVE_COMPILATION_CONDITIONS = DEBUG;
				SWIFT_OPTIMIZATION_LEVEL = "-Onone";
			};
			name = Debug;
		};
		7033168B26811627004A7320 /* Release */ = {
			isa = XCBuildConfiguration;
			buildSettings = {
				ALWAYS_SEARCH_USER_PATHS = NO;
				CLANG_ANALYZER_NONNULL = YES;
				CLANG_ANALYZER_NUMBER_OBJECT_CONVERSION = YES_AGGRESSIVE;
				CLANG_CXX_LANGUAGE_STANDARD = "gnu++14";
				CLANG_CXX_LIBRARY = "libc++";
				CLANG_ENABLE_MODULES = YES;
				CLANG_ENABLE_OBJC_ARC = YES;
				CLANG_ENABLE_OBJC_WEAK = YES;
				CLANG_WARN_BLOCK_CAPTURE_AUTORELEASING = YES;
				CLANG_WARN_BOOL_CONVERSION = YES;
				CLANG_WARN_COMMA = YES;
				CLANG_WARN_CONSTANT_CONVERSION = YES;
				CLANG_WARN_DEPRECATED_OBJC_IMPLEMENTATIONS = YES;
				CLANG_WARN_DIRECT_OBJC_ISA_USAGE = YES_ERROR;
				CLANG_WARN_DOCUMENTATION_COMMENTS = YES;
				CLANG_WARN_EMPTY_BODY = YES;
				CLANG_WARN_ENUM_CONVERSION = YES;
				CLANG_WARN_INFINITE_RECURSION = YES;
				CLANG_WARN_INT_CONVERSION = YES;
				CLANG_WARN_NON_LITERAL_NULL_CONVERSION = YES;
				CLANG_WARN_OBJC_IMPLICIT_RETAIN_SELF = YES;
				CLANG_WARN_OBJC_LITERAL_CONVERSION = YES;
				CLANG_WARN_OBJC_ROOT_CLASS = YES_ERROR;
				CLANG_WARN_QUOTED_INCLUDE_IN_FRAMEWORK_HEADER = YES;
				CLANG_WARN_RANGE_LOOP_ANALYSIS = YES;
				CLANG_WARN_STRICT_PROTOTYPES = YES;
				CLANG_WARN_SUSPICIOUS_MOVE = YES;
				CLANG_WARN_UNGUARDED_AVAILABILITY = YES_AGGRESSIVE;
				CLANG_WARN_UNREACHABLE_CODE = YES;
				CLANG_WARN__DUPLICATE_METHOD_MATCH = YES;
				COPY_PHASE_STRIP = NO;
				DEBUG_INFORMATION_FORMAT = "dwarf-with-dsym";
				ENABLE_NS_ASSERTIONS = NO;
				ENABLE_STRICT_OBJC_MSGSEND = YES;
				GCC_C_LANGUAGE_STANDARD = gnu11;
				GCC_NO_COMMON_BLOCKS = YES;
				GCC_WARN_64_TO_32_BIT_CONVERSION = YES;
				GCC_WARN_ABOUT_RETURN_TYPE = YES_ERROR;
				GCC_WARN_UNDECLARED_SELECTOR = YES;
				GCC_WARN_UNINITIALIZED_AUTOS = YES_AGGRESSIVE;
				GCC_WARN_UNUSED_FUNCTION = YES;
				GCC_WARN_UNUSED_VARIABLE = YES;
				IPHONEOS_DEPLOYMENT_TARGET = 14.5;
				MTL_ENABLE_DEBUG_INFO = NO;
				MTL_FAST_MATH = YES;
				SDKROOT = iphoneos;
				SWIFT_COMPILATION_MODE = wholemodule;
				SWIFT_OPTIMIZATION_LEVEL = "-O";
				VALIDATE_PRODUCT = YES;
			};
			name = Release;
		};
		7033168D26811627004A7320 /* Debug */ = {
			isa = XCBuildConfiguration;
			buildSettings = {
				ASSETCATALOG_COMPILER_APPICON_NAME = AppIcon;
				ASSETCATALOG_COMPILER_GLOBAL_ACCENT_COLOR_NAME = AccentColor;
				CODE_SIGN_STYLE = Automatic;
				DEVELOPMENT_ASSET_PATHS = "\"MovieDemo/Preview Content\"";
				DEVELOPMENT_TEAM = WN74WH25NH;
				ENABLE_PREVIEWS = YES;
				INFOPLIST_FILE = MovieDemo/Info.plist;
				IPHONEOS_DEPLOYMENT_TARGET = 14.0;
				LD_RUNPATH_SEARCH_PATHS = (
					"$(inherited)",
					"@executable_path/Frameworks",
				);
				PRODUCT_BUNDLE_IDENTIFIER = com.enjoyingourlives.MovieDemo;
				PRODUCT_NAME = "$(TARGET_NAME)";
				SWIFT_VERSION = 5.0;
				TARGETED_DEVICE_FAMILY = "1,2";
			};
			name = Debug;
		};
		7033168E26811627004A7320 /* Release */ = {
			isa = XCBuildConfiguration;
			buildSettings = {
				ASSETCATALOG_COMPILER_APPICON_NAME = AppIcon;
				ASSETCATALOG_COMPILER_GLOBAL_ACCENT_COLOR_NAME = AccentColor;
				CODE_SIGN_STYLE = Automatic;
				DEVELOPMENT_ASSET_PATHS = "\"MovieDemo/Preview Content\"";
				DEVELOPMENT_TEAM = WN74WH25NH;
				ENABLE_PREVIEWS = YES;
				INFOPLIST_FILE = MovieDemo/Info.plist;
				IPHONEOS_DEPLOYMENT_TARGET = 14.0;
				LD_RUNPATH_SEARCH_PATHS = (
					"$(inherited)",
					"@executable_path/Frameworks",
				);
				PRODUCT_BUNDLE_IDENTIFIER = com.enjoyingourlives.MovieDemo;
				PRODUCT_NAME = "$(TARGET_NAME)";
				SWIFT_VERSION = 5.0;
				TARGETED_DEVICE_FAMILY = "1,2";
			};
			name = Release;
		};
		7033169026811627004A7320 /* Debug */ = {
			isa = XCBuildConfiguration;
			buildSettings = {
				ALWAYS_EMBED_SWIFT_STANDARD_LIBRARIES = YES;
				BUNDLE_LOADER = "$(TEST_HOST)";
				CODE_SIGN_STYLE = Automatic;
				DEVELOPMENT_TEAM = WN74WH25NH;
				INFOPLIST_FILE = MovieDemoTests/Info.plist;
				IPHONEOS_DEPLOYMENT_TARGET = 14.0;
				LD_RUNPATH_SEARCH_PATHS = (
					"$(inherited)",
					"@executable_path/Frameworks",
					"@loader_path/Frameworks",
				);
				PRODUCT_BUNDLE_IDENTIFIER = com.enjoyingourlives.MovieDemoTests;
				PRODUCT_NAME = "$(TARGET_NAME)";
				SWIFT_VERSION = 5.0;
				TARGETED_DEVICE_FAMILY = "1,2";
				TEST_HOST = "$(BUILT_PRODUCTS_DIR)/MovieDemo.app/MovieDemo";
			};
			name = Debug;
		};
		7033169126811627004A7320 /* Release */ = {
			isa = XCBuildConfiguration;
			buildSettings = {
				ALWAYS_EMBED_SWIFT_STANDARD_LIBRARIES = YES;
				BUNDLE_LOADER = "$(TEST_HOST)";
				CODE_SIGN_STYLE = Automatic;
				DEVELOPMENT_TEAM = WN74WH25NH;
				INFOPLIST_FILE = MovieDemoTests/Info.plist;
				IPHONEOS_DEPLOYMENT_TARGET = 14.0;
				LD_RUNPATH_SEARCH_PATHS = (
					"$(inherited)",
					"@executable_path/Frameworks",
					"@loader_path/Frameworks",
				);
				PRODUCT_BUNDLE_IDENTIFIER = com.enjoyingourlives.MovieDemoTests;
				PRODUCT_NAME = "$(TARGET_NAME)";
				SWIFT_VERSION = 5.0;
				TARGETED_DEVICE_FAMILY = "1,2";
				TEST_HOST = "$(BUILT_PRODUCTS_DIR)/MovieDemo.app/MovieDemo";
			};
			name = Release;
		};
		7033169326811627004A7320 /* Debug */ = {
			isa = XCBuildConfiguration;
			buildSettings = {
				ALWAYS_EMBED_SWIFT_STANDARD_LIBRARIES = YES;
				CODE_SIGN_STYLE = Automatic;
				DEVELOPMENT_TEAM = WN74WH25NH;
				INFOPLIST_FILE = MovieDemoUITests/Info.plist;
				LD_RUNPATH_SEARCH_PATHS = (
					"$(inherited)",
					"@executable_path/Frameworks",
					"@loader_path/Frameworks",
				);
				PRODUCT_BUNDLE_IDENTIFIER = com.enjoyingourlives.MovieDemoUITests;
				PRODUCT_NAME = "$(TARGET_NAME)";
				SWIFT_VERSION = 5.0;
				TARGETED_DEVICE_FAMILY = "1,2";
				TEST_TARGET_NAME = MovieDemo;
			};
			name = Debug;
		};
		7033169426811627004A7320 /* Release */ = {
			isa = XCBuildConfiguration;
			buildSettings = {
				ALWAYS_EMBED_SWIFT_STANDARD_LIBRARIES = YES;
				CODE_SIGN_STYLE = Automatic;
				DEVELOPMENT_TEAM = WN74WH25NH;
				INFOPLIST_FILE = MovieDemoUITests/Info.plist;
				LD_RUNPATH_SEARCH_PATHS = (
					"$(inherited)",
					"@executable_path/Frameworks",
					"@loader_path/Frameworks",
				);
				PRODUCT_BUNDLE_IDENTIFIER = com.enjoyingourlives.MovieDemoUITests;
				PRODUCT_NAME = "$(TARGET_NAME)";
				SWIFT_VERSION = 5.0;
				TARGETED_DEVICE_FAMILY = "1,2";
				TEST_TARGET_NAME = MovieDemo;
			};
			name = Release;
		};
/* End XCBuildConfiguration section */

/* Begin XCConfigurationList section */
		7033166226811625004A7320 /* Build configuration list for PBXProject "MovieDemo" */ = {
			isa = XCConfigurationList;
			buildConfigurations = (
				7033168A26811627004A7320 /* Debug */,
				7033168B26811627004A7320 /* Release */,
			);
			defaultConfigurationIsVisible = 0;
			defaultConfigurationName = Release;
		};
		7033168C26811627004A7320 /* Build configuration list for PBXNativeTarget "MovieDemo" */ = {
			isa = XCConfigurationList;
			buildConfigurations = (
				7033168D26811627004A7320 /* Debug */,
				7033168E26811627004A7320 /* Release */,
			);
			defaultConfigurationIsVisible = 0;
			defaultConfigurationName = Release;
		};
		7033168F26811627004A7320 /* Build configuration list for PBXNativeTarget "MovieDemoTests" */ = {
			isa = XCConfigurationList;
			buildConfigurations = (
				7033169026811627004A7320 /* Debug */,
				7033169126811627004A7320 /* Release */,
			);
			defaultConfigurationIsVisible = 0;
			defaultConfigurationName = Release;
		};
		7033169226811627004A7320 /* Build configuration list for PBXNativeTarget "MovieDemoUITests" */ = {
			isa = XCConfigurationList;
			buildConfigurations = (
				7033169326811627004A7320 /* Debug */,
				7033169426811627004A7320 /* Release */,
			);
			defaultConfigurationIsVisible = 0;
			defaultConfigurationName = Release;
		};
/* End XCConfigurationList section */
	};
	rootObject = 7033165F26811625004A7320 /* Project object */;
}
